PODS:
  - HHLKit (0.0.1)
  - Masonry (1.1.0)

DEPENDENCIES:
  - HHLKit (from `../HHLKit/`)
  - Masonry

SPEC REPOS:
  https://github.com/cocoapods/specs.git:
    - Masonry

EXTERNAL SOURCES:
  HHLKit:
    :path: "../HHLKit/"

SPEC CHECKSUMS:
  HHLKit: 7e01927027b42f5569fd85fec15bef086f753feb
  Masonry: 678fab65091a9290e40e2832a55e7ab731aad201

PODFILE CHECKSUM: eb941dfc7d1add1f218f81bf633fba1c5461c632

COCOAPODS: 1.6.1
